{
  "version": 4,
  "terraform_version": "1.0.0",
  "serial": 8,
  "lineage": "aeed12fd-3777-80ed-0a01-65e3de319d34",
  "outputs": {},
  "resources": [
    {
      "module": "module.vpc.module.vpc.module.routes",
      "mode": "managed",
      "type": "google_compute_route",
      "name": "route",
      "provider": "provider[\"registry.terraform.io/hashicorp/google\"]",
      "instances": [
        {
          "index_key": "egress-internet",
          "schema_version": 0,
          "attributes": {
            "description": "route through IGW to access internet",
            "dest_range": "0.0.0.0/0",
            "id": "projects/terraform-project-315410/global/routes/egress-internet",
            "name": "egress-internet",
            "network": "https://www.googleapis.com/compute/v1/projects/terraform-project-315410/global/networks/example-vpc",
            "next_hop_gateway": "https://www.googleapis.com/compute/v1/projects/terraform-project-315410/global/gateways/default-internet-gateway",
            "next_hop_ilb": "",
            "next_hop_instance": "",
            "next_hop_instance_zone": null,
            "next_hop_ip": "",
            "next_hop_network": "",
            "next_hop_vpn_tunnel": "",
            "priority": 1000,
            "project": "terraform-project-315410",
            "self_link": "https://www.googleapis.com/compute/v1/projects/terraform-project-315410/global/routes/egress-internet",
            "tags": [
              "egress-inet"
            ],
            "timeouts": null
          },
          "sensitive_attributes": [],
          "private": "eyJlMmJmYjczMC1lY2FhLTExZTYtOGY4OC0zNDM2M2JjN2M0YzAiOnsiY3JlYXRlIjoyNDAwMDAwMDAwMDAsImRlbGV0ZSI6MjQwMDAwMDAwMDAwfX0=",
          "dependencies": [
            "module.vpc.module.vpc.module.subnets.google_compute_subnetwork.subnetwork",
            "module.vpc.module.vpc.module.vpc.google_compute_network.network"
          ]
        }
      ]
    },
    {
      "module": "module.vpc.module.vpc.module.subnets",
      "mode": "managed",
      "type": "google_compute_subnetwork",
      "name": "subnetwork",
      "provider": "provider[\"registry.terraform.io/hashicorp/google\"]",
      "instances": [
        {
          "index_key": "us-west1/subnet-01",
          "schema_version": 0,
          "attributes": {
            "creation_timestamp": "2021-06-10T02:59:51.909-07:00",
            "description": "",
            "fingerprint": null,
            "gateway_address": "10.10.10.1",
            "id": "projects/terraform-project-315410/regions/us-west1/subnetworks/subnet-01",
            "ip_cidr_range": "10.10.10.0/24",
            "log_config": [],
            "name": "subnet-01",
            "network": "https://www.googleapis.com/compute/v1/projects/terraform-project-315410/global/networks/example-vpc",
            "private_ip_google_access": false,
            "private_ipv6_google_access": "DISABLE_GOOGLE_ACCESS",
            "project": "terraform-project-315410",
            "region": "us-west1",
            "secondary_ip_range": [
              {
                "ip_cidr_range": "192.168.64.0/24",
                "range_name": "subnet-01-secondary-01"
              }
            ],
            "self_link": "https://www.googleapis.com/compute/v1/projects/terraform-project-315410/regions/us-west1/subnetworks/subnet-01",
            "timeouts": null
          },
          "sensitive_attributes": [],
          "private": "eyJlMmJmYjczMC1lY2FhLTExZTYtOGY4OC0zNDM2M2JjN2M0YzAiOnsiY3JlYXRlIjozNjAwMDAwMDAwMDAsImRlbGV0ZSI6MzYwMDAwMDAwMDAwLCJ1cGRhdGUiOjM2MDAwMDAwMDAwMH19",
          "dependencies": [
            "module.vpc.module.vpc.module.vpc.google_compute_network.network"
          ]
        },
        {
          "index_key": "us-west1/subnet-02",
          "schema_version": 0,
          "attributes": {
            "creation_timestamp": "2021-06-10T02:59:52.190-07:00",
            "description": "This subnet has a description",
            "fingerprint": null,
            "gateway_address": "10.10.20.1",
            "id": "projects/terraform-project-315410/regions/us-west1/subnetworks/subnet-02",
            "ip_cidr_range": "10.10.20.0/24",
            "log_config": [
              {
                "aggregation_interval": "INTERVAL_5_SEC",
                "filter_expr": "true",
                "flow_sampling": 0.5,
                "metadata": "INCLUDE_ALL_METADATA",
                "metadata_fields": null
              }
            ],
            "name": "subnet-02",
            "network": "https://www.googleapis.com/compute/v1/projects/terraform-project-315410/global/networks/example-vpc",
            "private_ip_google_access": true,
            "private_ipv6_google_access": "DISABLE_GOOGLE_ACCESS",
            "project": "terraform-project-315410",
            "region": "us-west1",
            "secondary_ip_range": [],
            "self_link": "https://www.googleapis.com/compute/v1/projects/terraform-project-315410/regions/us-west1/subnetworks/subnet-02",
            "timeouts": null
          },
          "sensitive_attributes": [],
          "private": "eyJlMmJmYjczMC1lY2FhLTExZTYtOGY4OC0zNDM2M2JjN2M0YzAiOnsiY3JlYXRlIjozNjAwMDAwMDAwMDAsImRlbGV0ZSI6MzYwMDAwMDAwMDAwLCJ1cGRhdGUiOjM2MDAwMDAwMDAwMH19",
          "dependencies": [
            "module.vpc.module.vpc.module.vpc.google_compute_network.network"
          ]
        },
        {
          "index_key": "us-west1/subnet-03",
          "schema_version": 0,
          "attributes": {
            "creation_timestamp": "2021-06-10T02:59:52.161-07:00",
            "description": "",
            "fingerprint": null,
            "gateway_address": "10.10.30.1",
            "id": "projects/terraform-project-315410/regions/us-west1/subnetworks/subnet-03",
            "ip_cidr_range": "10.10.30.0/24",
            "log_config": [
              {
                "aggregation_interval": "INTERVAL_10_MIN",
                "filter_expr": "true",
                "flow_sampling": 0.7,
                "metadata": "INCLUDE_ALL_METADATA",
                "metadata_fields": null
              }
            ],
            "name": "subnet-03",
            "network": "https://www.googleapis.com/compute/v1/projects/terraform-project-315410/global/networks/example-vpc",
            "private_ip_google_access": false,
            "private_ipv6_google_access": "DISABLE_GOOGLE_ACCESS",
            "project": "terraform-project-315410",
            "region": "us-west1",
            "secondary_ip_range": [],
            "self_link": "https://www.googleapis.com/compute/v1/projects/terraform-project-315410/regions/us-west1/subnetworks/subnet-03",
            "timeouts": null
          },
          "sensitive_attributes": [],
          "private": "eyJlMmJmYjczMC1lY2FhLTExZTYtOGY4OC0zNDM2M2JjN2M0YzAiOnsiY3JlYXRlIjozNjAwMDAwMDAwMDAsImRlbGV0ZSI6MzYwMDAwMDAwMDAwLCJ1cGRhdGUiOjM2MDAwMDAwMDAwMH19",
          "dependencies": [
            "module.vpc.module.vpc.module.vpc.google_compute_network.network"
          ]
        }
      ]
    },
    {
      "module": "module.vpc.module.vpc.module.vpc",
      "mode": "managed",
      "type": "google_compute_network",
      "name": "network",
      "provider": "provider[\"registry.terraform.io/hashicorp/google\"]",
      "instances": [
        {
          "schema_version": 0,
          "attributes": {
            "auto_create_subnetworks": false,
            "delete_default_routes_on_create": false,
            "description": "",
            "gateway_ipv4": "",
            "id": "projects/terraform-project-315410/global/networks/example-vpc",
            "mtu": 0,
            "name": "example-vpc",
            "project": "terraform-project-315410",
            "routing_mode": "GLOBAL",
            "self_link": "https://www.googleapis.com/compute/v1/projects/terraform-project-315410/global/networks/example-vpc",
            "timeouts": null
          },
          "sensitive_attributes": [],
          "private": "eyJlMmJmYjczMC1lY2FhLTExZTYtOGY4OC0zNDM2M2JjN2M0YzAiOnsiY3JlYXRlIjoyNDAwMDAwMDAwMDAsImRlbGV0ZSI6MjQwMDAwMDAwMDAwLCJ1cGRhdGUiOjI0MDAwMDAwMDAwMH19"
        }
      ]
    }
  ]
}
